# THIS IS AN AUTOGENERATED FILE. DO NOT EDIT THIS FILE DIRECTLY.
# yarn lockfile v1


lodash@^4.17.4:
  version "4.17.4"
  resolved "https://registry.yarnpkg.com/lodash/-/lodash-4.17.4.tgz#78203a4d1c328ae1d86dca6460e369b57f4055ae"

vue-router@^2.7.0:
  version "2.7.0"
  resolved "https://registry.yarnpkg.com/vue-router/-/vue-router-2.7.0.tgz#16d424493aa51c3c8cce8b7c7210ea4c3a89aff1"

vue@^2.3.4:
  version "2.3.4"
  resolved "https://registry.yarnpkg.com/vue/-/vue-2.3.4.tgz#5ec3b87a191da8090bbef56b7cfabd4158038171"

vuex-router-sync@^4.2.0:
  version "4.2.0"
  resolved "https://registry.yarnpkg.com/vuex-router-sync/-/vuex-router-sync-4.2.0.tgz#ebfc497d69b4018a9266a8f18b54bfca4d52125f"

vuex@^2.3.1:
  version "2.3.1"
  resolved "https://registry.yarnpkg.com/vuex/-/vuex-2.3.1.tgz#cde8e997c1f9957719bc7dea154f9aa691d981a6"
